
Microsoft Visual Studio Solution File, Format Version 12.00
# Visual Studio Version 17
VisualStudioVersion = 17.8.34309.116
MinimumVisualStudioVersion = 10.0.40219.1
Project("{9A19103F-16F7-4668-BE54-9A1E7A4F7556}") = "Telemedicine.Domain", "Telemedicine.Domain\Telemedicine.Domain.csproj", "{568AE848-F11F-4656-8949-8E1571771A5E}"
EndProject
Project("{9A19103F-16F7-4668-BE54-9A1E7A4F7556}") = "Telemedicine.EntityFramework.Core", "Telemedicine.EntityFramework.Core\Telemedicine.EntityFramework.Core.csproj", "{99CA8292-E607-4C24-8113-230D4162A60B}"
EndProject
Project("{FAE04EC0-301F-11D3-BF4B-00C04F79EFBC}") = "Telemedicine.Presentation", "Telemedicine.Presentation\Telemedicine.Presentation.csproj", "{D66037D2-285E-470D-B4E3-D916250EE78B}"
EndProject
Project("{FAE04EC0-301F-11D3-BF4B-00C04F79EFBC}") = "Telemedicine.Application", "Telemedicine.Application\Telemedicine.Application.csproj", "{0591E3CD-2D1E-4FD9-801C-E2A3764D35B2}"
EndProject
Global
	GlobalSection(SolutionConfigurationPlatforms) = preSolution
		Debug|Any CPU = Debug|Any CPU
		Release|Any CPU = Release|Any CPU
	EndGlobalSection
	GlobalSection(ProjectConfigurationPlatforms) = postSolution
		{568AE848-F11F-4656-8949-8E1571771A5E}.Debug|Any CPU.ActiveCfg = Debug|Any CPU
		{568AE848-F11F-4656-8949-8E1571771A5E}.Debug|Any CPU.Build.0 = Debug|Any CPU
		{568AE848-F11F-4656-8949-8E1571771A5E}.Release|Any CPU.ActiveCfg = Release|Any CPU
		{568AE848-F11F-4656-8949-8E1571771A5E}.Release|Any CPU.Build.0 = Release|Any CPU
		{99CA8292-E607-4C24-8113-230D4162A60B}.Debug|Any CPU.ActiveCfg = Debug|Any CPU
		{99CA8292-E607-4C24-8113-230D4162A60B}.Debug|Any CPU.Build.0 = Debug|Any CPU
		{99CA8292-E607-4C24-8113-230D4162A60B}.Release|Any CPU.ActiveCfg = Release|Any CPU
		{99CA8292-E607-4C24-8113-230D4162A60B}.Release|Any CPU.Build.0 = Release|Any CPU
		{D66037D2-285E-470D-B4E3-D916250EE78B}.Debug|Any CPU.ActiveCfg = Debug|Any CPU
		{D66037D2-285E-470D-B4E3-D916250EE78B}.Debug|Any CPU.Build.0 = Debug|Any CPU
		{D66037D2-285E-470D-B4E3-D916250EE78B}.Release|Any CPU.ActiveCfg = Release|Any CPU
		{D66037D2-285E-470D-B4E3-D916250EE78B}.Release|Any CPU.Build.0 = Release|Any CPU
		{0591E3CD-2D1E-4FD9-801C-E2A3764D35B2}.Debug|Any CPU.ActiveCfg = Debug|Any CPU
		{0591E3CD-2D1E-4FD9-801C-E2A3764D35B2}.Debug|Any CPU.Build.0 = Debug|Any CPU
		{0591E3CD-2D1E-4FD9-801C-E2A3764D35B2}.Release|Any CPU.ActiveCfg = Release|Any CPU
		{0591E3CD-2D1E-4FD9-801C-E2A3764D35B2}.Release|Any CPU.Build.0 = Release|Any CPU
	EndGlobalSection
	GlobalSection(SolutionProperties) = preSolution
		HideSolutionNode = FALSE
	EndGlobalSection
	GlobalSection(ExtensibilityGlobals) = postSolution
		SolutionGuid = {B0D2832F-766C-43B1-8DBE-84AE51D20F98}
	EndGlobalSection
EndGlobal
